
Microsoft Visual Studio Solution File, Format Version 12.00
# Visual Studio Version 16
VisualStudioVersion = 16.0.30104.148
MinimumVisualStudioVersion = 10.0.40219.1
Project("{FAE04EC0-301F-11D3-BF4B-00C04F79EFBC}") = "TestSeleniumBasic", "TestSeleniumBasic.csproj", "{8EE3451F-B62D-4AC1-96C8-AB8D12CECE6F}"
EndProject
Global
	GlobalSection(SolutionConfigurationPlatforms) = preSolution
		Debug|Any CPU = Debug|Any CPU
		Release|Any CPU = Release|Any CPU
	EndGlobalSection
	GlobalSection(ProjectConfigurationPlatforms) = postSolution
		{8EE3451F-B62D-4AC1-96C8-AB8D12CECE6F}.Debug|Any CPU.ActiveCfg = Debug|Any CPU
		{8EE3451F-B62D-4AC1-96C8-AB8D12CECE6F}.Debug|Any CPU.Build.0 = Debug|Any CPU
		{8EE3451F-B62D-4AC1-96C8-AB8D12CECE6F}.Release|Any CPU.ActiveCfg = Release|Any CPU
		{8EE3451F-B62D-4AC1-96C8-AB8D12CECE6F}.Release|Any CPU.Build.0 = Release|Any CPU
	EndGlobalSection
	GlobalSection(SolutionProperties) = preSolution
		HideSolutionNode = FALSE
	EndGlobalSection
	GlobalSection(ExtensibilityGlobals) = postSolution
		SolutionGuid = {7CB41D78-1F67-48D9-8F8E-21E5CCB70D76}
	EndGlobalSection
EndGlobal
